
Microsoft Visual Studio Solution File, Format Version 12.00
# Visual Studio Version 16
VisualStudioVersion = 16.0.29806.167
MinimumVisualStudioVersion = 10.0.40219.1
Project("{6EC3EE1D-3C4E-46DD-8F32-0CC8E7565705}") = "Task2_2", "Task2_2\Task2_2.fsproj", "{2843A85B-2F02-46C1-A613-8CB12C79CD43}"
EndProject
Project("{F2A71F9B-5D33-465A-A702-920D77279786}") = "Test2_2", "Test2_2\Test2_2.fsproj", "{2AAC95FF-C8D3-486A-B943-84F7569B07DE}"
EndProject
Global
	GlobalSection(SolutionConfigurationPlatforms) = preSolution
		Debug|Any CPU = Debug|Any CPU
		Release|Any CPU = Release|Any CPU
	EndGlobalSection
	GlobalSection(ProjectConfigurationPlatforms) = postSolution
		{2843A85B-2F02-46C1-A613-8CB12C79CD43}.Debug|Any CPU.ActiveCfg = Debug|Any CPU
		{2843A85B-2F02-46C1-A613-8CB12C79CD43}.Debug|Any CPU.Build.0 = Debug|Any CPU
		{2843A85B-2F02-46C1-A613-8CB12C79CD43}.Release|Any CPU.ActiveCfg = Release|Any CPU
		{2843A85B-2F02-46C1-A613-8CB12C79CD43}.Release|Any CPU.Build.0 = Release|Any CPU
		{2AAC95FF-C8D3-486A-B943-84F7569B07DE}.Debug|Any CPU.ActiveCfg = Debug|Any CPU
		{2AAC95FF-C8D3-486A-B943-84F7569B07DE}.Debug|Any CPU.Build.0 = Debug|Any CPU
		{2AAC95FF-C8D3-486A-B943-84F7569B07DE}.Release|Any CPU.ActiveCfg = Release|Any CPU
		{2AAC95FF-C8D3-486A-B943-84F7569B07DE}.Release|Any CPU.Build.0 = Release|Any CPU
	EndGlobalSection
	GlobalSection(SolutionProperties) = preSolution
		HideSolutionNode = FALSE
	EndGlobalSection
	GlobalSection(ExtensibilityGlobals) = postSolution
		SolutionGuid = {EB9C8C4A-D734-4FA2-A231-0BDD96FBE7E7}
	EndGlobalSection
EndGlobal
