
Microsoft Visual Studio Solution File, Format Version 12.00
# Visual Studio Version 16
VisualStudioVersion = 16.0.29806.167
MinimumVisualStudioVersion = 10.0.40219.1
Project("{F2A71F9B-5D33-465A-A702-920D77279786}") = "Test1Task1", "Test1Task1\Test1Task1.fsproj", "{E408AFD0-A9D8-4EF6-9833-3B12381EE771}"
EndProject
Project("{F2A71F9B-5D33-465A-A702-920D77279786}") = "Test1Task1Tests", "Test1Task1Tests\Test1Task1Tests.fsproj", "{BB4DA698-549E-4318-8EAD-05F6513923D9}"
EndProject
Global
	GlobalSection(SolutionConfigurationPlatforms) = preSolution
		Debug|Any CPU = Debug|Any CPU
		Release|Any CPU = Release|Any CPU
	EndGlobalSection
	GlobalSection(ProjectConfigurationPlatforms) = postSolution
		{E408AFD0-A9D8-4EF6-9833-3B12381EE771}.Debug|Any CPU.ActiveCfg = Debug|Any CPU
		{E408AFD0-A9D8-4EF6-9833-3B12381EE771}.Debug|Any CPU.Build.0 = Debug|Any CPU
		{E408AFD0-A9D8-4EF6-9833-3B12381EE771}.Release|Any CPU.ActiveCfg = Release|Any CPU
		{E408AFD0-A9D8-4EF6-9833-3B12381EE771}.Release|Any CPU.Build.0 = Release|Any CPU
		{BB4DA698-549E-4318-8EAD-05F6513923D9}.Debug|Any CPU.ActiveCfg = Debug|Any CPU
		{BB4DA698-549E-4318-8EAD-05F6513923D9}.Debug|Any CPU.Build.0 = Debug|Any CPU
		{BB4DA698-549E-4318-8EAD-05F6513923D9}.Release|Any CPU.ActiveCfg = Release|Any CPU
		{BB4DA698-549E-4318-8EAD-05F6513923D9}.Release|Any CPU.Build.0 = Release|Any CPU
	EndGlobalSection
	GlobalSection(SolutionProperties) = preSolution
		HideSolutionNode = FALSE
	EndGlobalSection
	GlobalSection(ExtensibilityGlobals) = postSolution
		SolutionGuid = {C7CB426E-32B8-4C98-BB80-A13FEE6F4D23}
	EndGlobalSection
EndGlobal
